PODS:
  - PPEventRegistryAPI (0.0.1)

DEPENDENCIES:
  - PPEventRegistryAPI (from `..`)

EXTERNAL SOURCES:
  PPEventRegistryAPI:
    :path: ".."

SPEC CHECKSUMS:
  PPEventRegistryAPI: 8d4edb4b1385cf6a99e28dd23301bdc1051f663a

PODFILE CHECKSUM: 7473e41111b2d90f90625687128b88a892b11d51

COCOAPODS: 1.1.0.beta.1
