PODS:
  - PPEventRegistryAPI (0.0.1):
    - SwiftyJSON
  - SwiftyJSON (2.3.2)

DEPENDENCIES:
  - PPEventRegistryAPI (from `..`)
  - SwiftyJSON (from `https://github.com/ratkins/SwiftyJSON.git`, branch `swift3`)

EXTERNAL SOURCES:
  PPEventRegistryAPI:
    :path: ".."
  SwiftyJSON:
    :branch: swift3
    :git: https://github.com/ratkins/SwiftyJSON.git

CHECKOUT OPTIONS:
  SwiftyJSON:
    :commit: b9e393d9378aa60b00e8416784ba265ffbb69de9
    :git: https://github.com/ratkins/SwiftyJSON.git

SPEC CHECKSUMS:
  PPEventRegistryAPI: b354b0442ebd3e807d7f92d1861bb94617596603
  SwiftyJSON: 04ccea08915aa0109039157c7974cf0298da292a

PODFILE CHECKSUM: 8e2a4a96966232e9aa1d9cbfe3b039a65f4a7aa2

COCOAPODS: 1.0.0
