PODS:
  - PPEventRegistryAPI (0.0.1):
    - SwiftyJSON
  - SwiftyJSON (2.3.2)

DEPENDENCIES:
  - PPEventRegistryAPI (from `..`)
  - SwiftyJSON (from `https://github.com/ratkins/SwiftyJSON.git`, branch `swift3`)

EXTERNAL SOURCES:
  PPEventRegistryAPI:
    :path: ".."
  SwiftyJSON:
    :branch: swift3
    :git: https://github.com/ratkins/SwiftyJSON.git

CHECKOUT OPTIONS:
  SwiftyJSON:
    :commit: 6167865ee2098a12ebe38e7070dc90f75c382ddc
    :git: https://github.com/ratkins/SwiftyJSON.git

SPEC CHECKSUMS:
  PPEventRegistryAPI: 59fd25daebd1d7bf7d201273153386c665fde944
  SwiftyJSON: 04ccea08915aa0109039157c7974cf0298da292a

PODFILE CHECKSUM: c2573ef2045cfa04617ba3668a4f9e92134b16df

COCOAPODS: 1.1.0.beta.1
