PODS:
  - Nimble (5.0.0)
  - OHHTTPStubs (5.2.1):
    - OHHTTPStubs/Default (= 5.2.1)
  - OHHTTPStubs/Core (5.2.1)
  - OHHTTPStubs/Default (5.2.1):
    - OHHTTPStubs/Core
    - OHHTTPStubs/JSON
    - OHHTTPStubs/NSURLSession
    - OHHTTPStubs/OHPathHelpers
  - OHHTTPStubs/JSON (5.2.1):
    - OHHTTPStubs/Core
  - OHHTTPStubs/NSURLSession (5.2.1):
    - OHHTTPStubs/Core
  - OHHTTPStubs/OHPathHelpers (5.2.1)
  - OHHTTPStubs/Swift (5.2.1):
    - OHHTTPStubs/Core
  - PPEventRegistryAPI (0.0.2)
  - Quick (0.10.0)

DEPENDENCIES:
  - Nimble
  - OHHTTPStubs
  - OHHTTPStubs/Swift
  - PPEventRegistryAPI (from `../`)
  - Quick

EXTERNAL SOURCES:
  PPEventRegistryAPI:
    :path: "../"

SPEC CHECKSUMS:
  Nimble: 56fc9f5020effa2206de22c3dd910f4fb011b92f
  OHHTTPStubs: 3a42f25c00563b71355ac73112ba2324e9e6cef4
  PPEventRegistryAPI: 3701e93fb4619a6296179ad42d5410fed0aa870b
  Quick: 5d290df1c69d5ee2f0729956dcf0fd9a30447eaa

PODFILE CHECKSUM: f71af154420a34fa0f3ca7598b9c0510b5f09c7c

COCOAPODS: 1.1.0.rc.2
