PODS:
  - Nimble (5.0.0-alpha.30p1)
  - OHHTTPStubs (5.1.0):
    - OHHTTPStubs/Default (= 5.1.0)
  - OHHTTPStubs/Core (5.1.0)
  - OHHTTPStubs/Default (5.1.0):
    - OHHTTPStubs/Core
    - OHHTTPStubs/JSON
    - OHHTTPStubs/NSURLSession
    - OHHTTPStubs/OHPathHelpers
  - OHHTTPStubs/JSON (5.1.0):
    - OHHTTPStubs/Core
  - OHHTTPStubs/NSURLSession (5.1.0):
    - OHHTTPStubs/Core
  - OHHTTPStubs/OHPathHelpers (5.1.0)
  - OHHTTPStubs/Swift (5.1.0):
    - OHHTTPStubs/Core
  - PPEventRegistryAPI (0.0.1)
  - Quick (0.9.2)

DEPENDENCIES:
  - Nimble (from `https://github.com/norio-nomura/Nimble.git`, branch `nn-swift-3-compatibility`)
  - OHHTTPStubs (from `https://github.com/djbriane/OHHTTPStubs.git`, branch `swift3`)
  - OHHTTPStubs/Swift (from `https://github.com/djbriane/OHHTTPStubs.git`, branch `swift3`)
  - PPEventRegistryAPI (from `../`)
  - Quick (from `https://github.com/norio-nomura/Quick.git`, branch `nn-swift-3-compatibility`)

EXTERNAL SOURCES:
  Nimble:
    :branch: nn-swift-3-compatibility
    :git: https://github.com/norio-nomura/Nimble.git
  OHHTTPStubs:
    :branch: swift3
    :git: https://github.com/djbriane/OHHTTPStubs.git
  PPEventRegistryAPI:
    :path: "../"
  Quick:
    :branch: nn-swift-3-compatibility
    :git: https://github.com/norio-nomura/Quick.git

CHECKOUT OPTIONS:
  Nimble:
    :commit: 20bb2eaad01f9df2b29f35d90783ae81b89f86b2
    :git: https://github.com/norio-nomura/Nimble.git
  OHHTTPStubs:
    :commit: f22fa0537a0f816afa3e083052d9b71a6fe2e387
    :git: https://github.com/djbriane/OHHTTPStubs.git
  Quick:
    :commit: 594479916dc6f87af514e3d64635a1358f3ae904
    :git: https://github.com/norio-nomura/Quick.git

SPEC CHECKSUMS:
  Nimble: c5b995b4cd57789ec44b0cfb79640fc00e61a8c7
  OHHTTPStubs: 592f74439d2d72615115cf99a954237a3fbe26e5
  PPEventRegistryAPI: 8d4edb4b1385cf6a99e28dd23301bdc1051f663a
  Quick: 19b5d0e23c18c06741e4f4b21b00c3101c78eeca

PODFILE CHECKSUM: 2afa307c0a984d89fcf8d7a0f0f7243e5f0e4f20

COCOAPODS: 1.1.0.beta.1
